{
  "originHash" : "b295c442fd49568dc3e5eba93cbeb81faea3f51c87de9f91ad3e37f903cff7a1",
  "pins" : [
    {
      "identity" : "csqlite",
      "kind" : "remoteSourceControl",
      "location" : "https://github.com/stephencelis/CSQLite",
      "state" : {
        "revision" : "bdb5580e54cdf49251b365ea34e2651199473240",
        "version" : "3.50.4"
      }
    },
    {
      "identity" : "gitkit",
      "kind" : "remoteSourceControl",
      "location" : "https://github.com/Cocoanetics/GitKit",
      "state" : {
        "revision" : "6b1e7cd2146d9b5e92cccad4387ec62eaa427bfe",
        "version" : "2.1.0"
      }
    },
    {
      "identity" : "shellkit",
      "kind" : "remoteSourceControl",
      "location" : "https://github.com/Cocoanetics/ShellKit",
      "state" : {
        "revision" : "40c1b417e6c6318d2ca644d9a3062dc6befd0e31",
        "version" : "0.1.0"
      }
    },
    {
      "identity" : "sqlitekit",
      "kind" : "remoteSourceControl",
      "location" : "https://github.com/Cocoanetics/SQLiteKit",
      "state" : {
        "revision" : "f05575530c9e460ce728b6bd077176d18098b108",
        "version" : "0.1.0"
      }
    },
    {
      "identity" : "swift-archive",
      "kind" : "remoteSourceControl",
      "location" : "https://github.com/marcprux/swift-archive",
      "state" : {
        "revision" : "48fddd77a1d8301ce04e0d7c093fcf0867fa1ff8",
        "version" : "3.8.9"
      }
    },
    {
      "identity" : "swift-argument-parser",
      "kind" : "remoteSourceControl",
      "location" : "https://github.com/apple/swift-argument-parser",
      "state" : {
        "revision" : "6a52f3251125d74daf04fcbd5e6f08a75d074382",
        "version" : "1.8.2"
      }
    },
    {
      "identity" : "swift-asn1",
      "kind" : "remoteSourceControl",
      "location" : "https://github.com/apple/swift-asn1.git",
      "state" : {
        "revision" : "3b6410f7dee09eb33cdd26260c5fd47fda19b0e2",
        "version" : "1.7.3"
      }
    },
    {
      "identity" : "swift-async-algorithms",
      "kind" : "remoteSourceControl",
      "location" : "https://github.com/apple/swift-async-algorithms.git",
      "state" : {
        "revision" : "13713a4ffdee8abd929f92568ee9462a46ae26e0",
        "version" : "1.1.7"
      }
    },
    {
      "identity" : "swift-cmark",
      "kind" : "remoteSourceControl",
      "location" : "https://github.com/swiftlang/swift-cmark.git",
      "state" : {
        "revision" : "08ddb528923cc1a6527e02b7a1aee9e516ca749a",
        "version" : "0.9.0"
      }
    },
    {
      "identity" : "swift-collections",
      "kind" : "remoteSourceControl",
      "location" : "https://github.com/apple/swift-collections",
      "state" : {
        "revision" : "3b69cedbaa49957e97c092ae400bb57602ef941f",
        "version" : "1.7.2"
      }
    },
    {
      "identity" : "swift-configuration",
      "kind" : "remoteSourceControl",
      "location" : "https://github.com/apple/swift-configuration",
      "state" : {
        "revision" : "8bae88f79dbddec793390c5bf3e2abb4ac2ece42",
        "version" : "1.2.2"
      }
    },
    {
      "identity" : "swift-crypto",
      "kind" : "remoteSourceControl",
      "location" : "https://github.com/apple/swift-crypto",
      "state" : {
        "revision" : "95ba0316a9b733e92bb6b071255ff46263bbe7dc",
        "version" : "3.15.1"
      }
    },
    {
      "identity" : "swift-http-types",
      "kind" : "remoteSourceControl",
      "location" : "https://github.com/apple/swift-http-types",
      "state" : {
        "revision" : "bff4b6903cdc99dda49649dd52f46c11cfd3ed50",
        "version" : "1.8.0"
      }
    },
    {
      "identity" : "swift-log",
      "kind" : "remoteSourceControl",
      "location" : "https://github.com/apple/swift-log",
      "state" : {
        "revision" : "4038b6a4f74a1426f47eb1dd5b4bb5628a15d597",
        "version" : "1.16.1"
      }
    },
    {
      "identity" : "swift-markdown",
      "kind" : "remoteSourceControl",
      "location" : "https://github.com/swiftlang/swift-markdown",
      "state" : {
        "revision" : "25cb61d3482054b09ae76ca4f281b1bfe7fe5a43",
        "version" : "0.9.0"
      }
    },
    {
      "identity" : "swift-service-lifecycle",
      "kind" : "remoteSourceControl",
      "location" : "https://github.com/swift-server/swift-service-lifecycle",
      "state" : {
        "revision" : "c55297914e26ce3085b73ca88c521ef99136f6ad",
        "version" : "2.12.1"
      }
    },
    {
      "identity" : "swift-subprocess",
      "kind" : "remoteSourceControl",
      "location" : "https://github.com/swiftlang/swift-subprocess",
      "state" : {
        "revision" : "11633673a41f509f8945f23c96c7acd4adafd679",
        "version" : "0.5.0"
      }
    },
    {
      "identity" : "swift-syntax",
      "kind" : "remoteSourceControl",
      "location" : "https://github.com/swiftlang/swift-syntax",
      "state" : {
        "revision" : "79e4b74a295b6eb74a8b585e3a39d29e70c1dbd1",
        "version" : "603.0.2"
      }
    },
    {
      "identity" : "swift-system",
      "kind" : "remoteSourceControl",
      "location" : "https://github.com/apple/swift-system",
      "state" : {
        "revision" : "869129b7bf4ecc57b97d0193ad29690ca2134750",
        "version" : "1.8.1"
      }
    },
    {
      "identity" : "swiftports",
      "kind" : "remoteSourceControl",
      "location" : "https://github.com/Cocoanetics/SwiftPorts",
      "state" : {
        "revision" : "0748f5e5baa41818563cc55585c8246e89fa5a12",
        "version" : "0.1.0"
      }
    },
    {
      "identity" : "swiftscript",
      "kind" : "remoteSourceControl",
      "location" : "https://github.com/Cocoanetics/SwiftScript",
      "state" : {
        "revision" : "ab0a95b504007d6feb52c8ebfaf2dfaaa2aecc9b",
        "version" : "0.1.0"
      }
    },
    {
      "identity" : "yams",
      "kind" : "remoteSourceControl",
      "location" : "https://github.com/jpsim/Yams",
      "state" : {
        "revision" : "a27b21e0c81c5bf42049b897a62aaf387e80f279",
        "version" : "6.2.2"
      }
    }
  ],
  "version" : 3
}
